
Microsoft Visual Studio Solution File, Format Version 12.00
# Visual Studio Version 17
VisualStudioVersion = 17.5.33424.131
MinimumVisualStudioVersion = 10.0.40219.1
Project("{9A19103F-16F7-4668-BE54-9A1E7A4F7556}") = "ORGEMS", "ORGEMS\ORGEMS.csproj", "{1E9AEA25-554A-4915-AFF4-1237F634DA12}"
EndProject
Project("{2150E333-8FDC-42A3-9474-1A3956D46DE8}") = "Solution Items", "Solution Items", "{8EE22DDB-F336-40F4-A7E0-E043317449CB}"
	ProjectSection(SolutionItems) = preProject
		.editorconfig = .editorconfig
	EndProjectSection
EndProject
Global
	GlobalSection(SolutionConfigurationPlatforms) = preSolution
		Debug|Any CPU = Debug|Any CPU
		Release|Any CPU = Release|Any CPU
	EndGlobalSection
	GlobalSection(ProjectConfigurationPlatforms) = postSolution
		{1E9AEA25-554A-4915-AFF4-1237F634DA12}.Debug|Any CPU.ActiveCfg = Debug|Any CPU
		{1E9AEA25-554A-4915-AFF4-1237F634DA12}.Debug|Any CPU.Build.0 = Debug|Any CPU
		{1E9AEA25-554A-4915-AFF4-1237F634DA12}.Release|Any CPU.ActiveCfg = Release|Any CPU
		{1E9AEA25-554A-4915-AFF4-1237F634DA12}.Release|Any CPU.Build.0 = Release|Any CPU
	EndGlobalSection
	GlobalSection(SolutionProperties) = preSolution
		HideSolutionNode = FALSE
	EndGlobalSection
	GlobalSection(ExtensibilityGlobals) = postSolution
		SolutionGuid = {08502D1E-9B5D-409A-8CF6-D33F37413A61}
	EndGlobalSection
EndGlobal
